{
  "nodes": {
    "nixpkgs": {
      "locked": {
        "lastModified": 1764854992,
        "narHash": "sha256-PTi/7u5l1Grtky+wre11f1SF7p6O158G98/W7+sUZuY=",
        "owner": "NixOS",
        "repo": "nixpkgs",
        "rev": "dd47b5d4730942f0bd15eba04bb318250ca18548",
        "type": "github"
      },
      "original": {
        "owner": "NixOS",
        "repo": "nixpkgs",
        "type": "github"
      }
    },
    "root": {
      "inputs": {
        "nixpkgs": "nixpkgs"
      }
    }
  },
  "root": "root",
  "version": 7
}
